
Microsoft Visual Studio Solution File, Format Version 12.00
# Visual Studio Version 16
VisualStudioVersion = 16.0.29230.47
MinimumVisualStudioVersion = 10.0.40219.1
Project("{FAE04EC0-301F-11D3-BF4B-00C04F79EFBC}") = "LSP", "LSP\LSP.csproj", "{99939CE7-BD3F-4A97-96EE-4A603E2B719E}"
EndProject
Project("{FAE04EC0-301F-11D3-BF4B-00C04F79EFBC}") = "DelegateTest", "DelegateTest\DelegateTest.csproj", "{DCED5572-53E0-4BF7-BECF-D123C4241DF7}"
EndProject
Project("{FAE04EC0-301F-11D3-BF4B-00C04F79EFBC}") = "DIP", "DIP\DIP.csproj", "{3E26176A-5207-422C-A4C6-CB1AA65298F5}"
EndProject
Project("{FAE04EC0-301F-11D3-BF4B-00C04F79EFBC}") = "ISP", "ISP\ISP.csproj", "{E804726E-F141-413D-84BD-2C4A54ECD44A}"
EndProject
Project("{FAE04EC0-301F-11D3-BF4B-00C04F79EFBC}") = "LoD", "LoD\LoD.csproj", "{6FA53DB2-9F08-4CDD-B119-17B5AD97F5DE}"
EndProject
Project("{FAE04EC0-301F-11D3-BF4B-00C04F79EFBC}") = "LoD2", "LoD2\LoD2.csproj", "{8E112998-30E2-4AD3-8B32-A14C5DCAD55A}"
EndProject
Project("{FAE04EC0-301F-11D3-BF4B-00C04F79EFBC}") = "OCP", "OCP\OCP.csproj", "{69158A34-5FFF-4BFD-9C9B-2941DDEA7752}"
EndProject
Project("{2150E333-8FDC-42A3-9474-1A3956D46DE8}") = "1.设计原则", "1.设计原则", "{72C22548-BF73-4D37-A01C-C15B6670D295}"
EndProject
Project("{2150E333-8FDC-42A3-9474-1A3956D46DE8}") = "1.单一职责原则(Single Responsibility Principle)", "1.单一职责原则(Single Responsibility Principle)", "{9E485207-65E0-4F5B-BA1E-D0C518BDDE57}"
EndProject
Project("{2150E333-8FDC-42A3-9474-1A3956D46DE8}") = "2.开闭原则(Open Closed Principle)", "2.开闭原则(Open Closed Principle)", "{5D8F214B-6CFE-4BD7-9DF7-9844CDE6C5EF}"
EndProject
Project("{2150E333-8FDC-42A3-9474-1A3956D46DE8}") = "3.里氏替换原则（Liskov Substitution Principle，LSP）", "3.里氏替换原则（Liskov Substitution Principle，LSP）", "{3B41B889-C644-4CF6-8383-96C4C07EC1F8}"
EndProject
Project("{2150E333-8FDC-42A3-9474-1A3956D46DE8}") = "4.接口隔离原则(Interface Segregation Principle，ISP)", "4.接口隔离原则(Interface Segregation Principle，ISP)", "{7768AA4C-040E-4B71-A7F0-6E8AA1625069}"
EndProject
Project("{2150E333-8FDC-42A3-9474-1A3956D46DE8}") = "5.依赖倒置原则(Dependence Inversion Principle，DIP)", "5.依赖倒置原则(Dependence Inversion Principle，DIP)", "{4ADEBD81-B3B5-4684-A9A5-FB28E9B60C37}"
EndProject
Project("{2150E333-8FDC-42A3-9474-1A3956D46DE8}") = "2.设计模式", "2.设计模式", "{E0F6CDD3-8088-40E4-ADAC-65D5942DE2EE}"
EndProject
Project("{2150E333-8FDC-42A3-9474-1A3956D46DE8}") = "3.文档", "3.文档", "{71BBE2CA-8562-4C7A-A20D-C4A4905AB03A}"
	ProjectSection(SolutionItems) = preProject
		README.md = README.md
	EndProjectSection
EndProject
Project("{2150E333-8FDC-42A3-9474-1A3956D46DE8}") = "1.单例模式", "1.单例模式", "{4E647C76-C4E5-4A1C-B1CE-BDC8A194A718}"
	ProjectSection(SolutionItems) = preProject
		singleton-pattern.md = singleton-pattern.md
	EndProjectSection
EndProject
Project("{FAE04EC0-301F-11D3-BF4B-00C04F79EFBC}") = "Singleton", "Singleton\Singleton.csproj", "{BFCA1AF3-3C86-4CE8-9D18-9ED12CE7315D}"
EndProject
Project("{2150E333-8FDC-42A3-9474-1A3956D46DE8}") = "1.创建型模式", "1.创建型模式", "{CED93EB7-FD7B-43AC-847C-DDE42AFFDEDB}"
EndProject
Project("{2150E333-8FDC-42A3-9474-1A3956D46DE8}") = "2.结构型模式", "2.结构型模式", "{C6EF936B-E206-4108-9B0C-DD7229001E1D}"
EndProject
Project("{2150E333-8FDC-42A3-9474-1A3956D46DE8}") = "3.行为型模式", "3.行为型模式", "{79835CF0-48B3-49DD-860E-495301D2D721}"
EndProject
Project("{2150E333-8FDC-42A3-9474-1A3956D46DE8}") = "2.简单工厂模式", "2.简单工厂模式", "{03943A86-28BC-4FE2-9439-426C25F584CD}"
	ProjectSection(SolutionItems) = preProject
		factory-pattern.md = factory-pattern.md
	EndProjectSection
EndProject
Project("{FAE04EC0-301F-11D3-BF4B-00C04F79EFBC}") = "SimpleFactory", "SimpleFactory\SimpleFactory.csproj", "{0FD25E84-8C5F-423C-A295-133CEC71BC2E}"
EndProject
Project("{2150E333-8FDC-42A3-9474-1A3956D46DE8}") = "3.工厂方法模式", "3.工厂方法模式", "{551DEC74-BDF3-467E-8AA4-D02BBC6CBEB0}"
	ProjectSection(SolutionItems) = preProject
		factory-method-pattern.md = factory-method-pattern.md
	EndProjectSection
EndProject
Project("{FAE04EC0-301F-11D3-BF4B-00C04F79EFBC}") = "FactoryMethod", "FactoryMethod\FactoryMethod.csproj", "{ED7CE58A-5C4D-44FF-AB2F-1056FDC10368}"
EndProject
Project("{2150E333-8FDC-42A3-9474-1A3956D46DE8}") = "4.抽象工厂模式", "4.抽象工厂模式", "{780CAE09-E133-4BA0-860D-8D5531B5FCB6}"
	ProjectSection(SolutionItems) = preProject
		abstract-factory-pattern.md = abstract-factory-pattern.md
	EndProjectSection
EndProject
Project("{FAE04EC0-301F-11D3-BF4B-00C04F79EFBC}") = "AbstractFactory", "AbstractFactory\AbstractFactory.csproj", "{8E79325F-69F7-4BD1-831F-E0AF466F038D}"
EndProject
Project("{2150E333-8FDC-42A3-9474-1A3956D46DE8}") = "5.建造者模式", "5.建造者模式", "{1C4227C6-27A0-4356-BF35-9630A555D426}"
	ProjectSection(SolutionItems) = preProject
		builder-pattern.md = builder-pattern.md
	EndProjectSection
EndProject
Project("{2150E333-8FDC-42A3-9474-1A3956D46DE8}") = "6.原型模式", "6.原型模式", "{6B314D7F-1809-433C-BA74-2971D61475E4}"
	ProjectSection(SolutionItems) = preProject
		prototype-pattern.md = prototype-pattern.md
	EndProjectSection
EndProject
Project("{FAE04EC0-301F-11D3-BF4B-00C04F79EFBC}") = "PropertyPattern", "PropertyPattern\PropertyPattern.csproj", "{A27A6B6B-A22D-4EED-86F5-80D37DB23B45}"
EndProject
Project("{FAE04EC0-301F-11D3-BF4B-00C04F79EFBC}") = "BuilderPattern", "BuilderPattern\BuilderPattern.csproj", "{5B9F04F6-51EB-45DD-900C-2D0FD471C7CA}"
EndProject
Project("{2150E333-8FDC-42A3-9474-1A3956D46DE8}") = "1.适配器模式", "1.适配器模式", "{11C47C78-5DDE-4859-AADF-0EA9C7C80114}"
	ProjectSection(SolutionItems) = preProject
		adapter-pattern.md = adapter-pattern.md
	EndProjectSection
EndProject
Project("{FAE04EC0-301F-11D3-BF4B-00C04F79EFBC}") = "AdapterPattern", "AdapterPattern\AdapterPattern.csproj", "{68D39211-9A6B-4DB7-A15A-AC83AB9EA69D}"
EndProject
Project("{2150E333-8FDC-42A3-9474-1A3956D46DE8}") = "2.桥接模式", "2.桥接模式", "{0C2622EA-6B08-4CF7-8528-7E01E6700968}"
	ProjectSection(SolutionItems) = preProject
		bridge-pattern.md = bridge-pattern.md
	EndProjectSection
EndProject
Project("{FAE04EC0-301F-11D3-BF4B-00C04F79EFBC}") = "BridgePattern", "BridgePattern\BridgePattern.csproj", "{51303CC6-3F34-4AAC-A25C-D6E2A19379BB}"
EndProject
Project("{2150E333-8FDC-42A3-9474-1A3956D46DE8}") = "3.组合模式", "3.组合模式", "{B1104630-2F66-4A62-986F-4F348F5ACD52}"
	ProjectSection(SolutionItems) = preProject
		composite-pattern.md = composite-pattern.md
	EndProjectSection
EndProject
Project("{FAE04EC0-301F-11D3-BF4B-00C04F79EFBC}") = "CompositePattern", "CompositePattern\CompositePattern.csproj", "{F5454D92-64F0-4CFE-921C-70E5F8A8C5AA}"
EndProject
Global
	GlobalSection(SolutionConfigurationPlatforms) = preSolution
		Debug|Any CPU = Debug|Any CPU
		Release|Any CPU = Release|Any CPU
	EndGlobalSection
	GlobalSection(ProjectConfigurationPlatforms) = postSolution
		{99939CE7-BD3F-4A97-96EE-4A603E2B719E}.Debug|Any CPU.ActiveCfg = Debug|Any CPU
		{99939CE7-BD3F-4A97-96EE-4A603E2B719E}.Debug|Any CPU.Build.0 = Debug|Any CPU
		{99939CE7-BD3F-4A97-96EE-4A603E2B719E}.Release|Any CPU.ActiveCfg = Release|Any CPU
		{99939CE7-BD3F-4A97-96EE-4A603E2B719E}.Release|Any CPU.Build.0 = Release|Any CPU
		{DCED5572-53E0-4BF7-BECF-D123C4241DF7}.Debug|Any CPU.ActiveCfg = Debug|Any CPU
		{DCED5572-53E0-4BF7-BECF-D123C4241DF7}.Debug|Any CPU.Build.0 = Debug|Any CPU
		{DCED5572-53E0-4BF7-BECF-D123C4241DF7}.Release|Any CPU.ActiveCfg = Release|Any CPU
		{DCED5572-53E0-4BF7-BECF-D123C4241DF7}.Release|Any CPU.Build.0 = Release|Any CPU
		{3E26176A-5207-422C-A4C6-CB1AA65298F5}.Debug|Any CPU.ActiveCfg = Debug|Any CPU
		{3E26176A-5207-422C-A4C6-CB1AA65298F5}.Debug|Any CPU.Build.0 = Debug|Any CPU
		{3E26176A-5207-422C-A4C6-CB1AA65298F5}.Release|Any CPU.ActiveCfg = Release|Any CPU
		{3E26176A-5207-422C-A4C6-CB1AA65298F5}.Release|Any CPU.Build.0 = Release|Any CPU
		{E804726E-F141-413D-84BD-2C4A54ECD44A}.Debug|Any CPU.ActiveCfg = Debug|Any CPU
		{E804726E-F141-413D-84BD-2C4A54ECD44A}.Debug|Any CPU.Build.0 = Debug|Any CPU
		{E804726E-F141-413D-84BD-2C4A54ECD44A}.Release|Any CPU.ActiveCfg = Release|Any CPU
		{E804726E-F141-413D-84BD-2C4A54ECD44A}.Release|Any CPU.Build.0 = Release|Any CPU
		{6FA53DB2-9F08-4CDD-B119-17B5AD97F5DE}.Debug|Any CPU.ActiveCfg = Debug|Any CPU
		{6FA53DB2-9F08-4CDD-B119-17B5AD97F5DE}.Debug|Any CPU.Build.0 = Debug|Any CPU
		{6FA53DB2-9F08-4CDD-B119-17B5AD97F5DE}.Release|Any CPU.ActiveCfg = Release|Any CPU
		{6FA53DB2-9F08-4CDD-B119-17B5AD97F5DE}.Release|Any CPU.Build.0 = Release|Any CPU
		{8E112998-30E2-4AD3-8B32-A14C5DCAD55A}.Debug|Any CPU.ActiveCfg = Debug|Any CPU
		{8E112998-30E2-4AD3-8B32-A14C5DCAD55A}.Debug|Any CPU.Build.0 = Debug|Any CPU
		{8E112998-30E2-4AD3-8B32-A14C5DCAD55A}.Release|Any CPU.ActiveCfg = Release|Any CPU
		{8E112998-30E2-4AD3-8B32-A14C5DCAD55A}.Release|Any CPU.Build.0 = Release|Any CPU
		{69158A34-5FFF-4BFD-9C9B-2941DDEA7752}.Debug|Any CPU.ActiveCfg = Debug|Any CPU
		{69158A34-5FFF-4BFD-9C9B-2941DDEA7752}.Debug|Any CPU.Build.0 = Debug|Any CPU
		{69158A34-5FFF-4BFD-9C9B-2941DDEA7752}.Release|Any CPU.ActiveCfg = Release|Any CPU
		{69158A34-5FFF-4BFD-9C9B-2941DDEA7752}.Release|Any CPU.Build.0 = Release|Any CPU
		{BFCA1AF3-3C86-4CE8-9D18-9ED12CE7315D}.Debug|Any CPU.ActiveCfg = Debug|Any CPU
		{BFCA1AF3-3C86-4CE8-9D18-9ED12CE7315D}.Debug|Any CPU.Build.0 = Debug|Any CPU
		{BFCA1AF3-3C86-4CE8-9D18-9ED12CE7315D}.Release|Any CPU.ActiveCfg = Release|Any CPU
		{BFCA1AF3-3C86-4CE8-9D18-9ED12CE7315D}.Release|Any CPU.Build.0 = Release|Any CPU
		{0FD25E84-8C5F-423C-A295-133CEC71BC2E}.Debug|Any CPU.ActiveCfg = Debug|Any CPU
		{0FD25E84-8C5F-423C-A295-133CEC71BC2E}.Debug|Any CPU.Build.0 = Debug|Any CPU
		{0FD25E84-8C5F-423C-A295-133CEC71BC2E}.Release|Any CPU.ActiveCfg = Release|Any CPU
		{0FD25E84-8C5F-423C-A295-133CEC71BC2E}.Release|Any CPU.Build.0 = Release|Any CPU
		{ED7CE58A-5C4D-44FF-AB2F-1056FDC10368}.Debug|Any CPU.ActiveCfg = Debug|Any CPU
		{ED7CE58A-5C4D-44FF-AB2F-1056FDC10368}.Debug|Any CPU.Build.0 = Debug|Any CPU
		{ED7CE58A-5C4D-44FF-AB2F-1056FDC10368}.Release|Any CPU.ActiveCfg = Release|Any CPU
		{ED7CE58A-5C4D-44FF-AB2F-1056FDC10368}.Release|Any CPU.Build.0 = Release|Any CPU
		{8E79325F-69F7-4BD1-831F-E0AF466F038D}.Debug|Any CPU.ActiveCfg = Debug|Any CPU
		{8E79325F-69F7-4BD1-831F-E0AF466F038D}.Debug|Any CPU.Build.0 = Debug|Any CPU
		{8E79325F-69F7-4BD1-831F-E0AF466F038D}.Release|Any CPU.ActiveCfg = Release|Any CPU
		{8E79325F-69F7-4BD1-831F-E0AF466F038D}.Release|Any CPU.Build.0 = Release|Any CPU
		{A27A6B6B-A22D-4EED-86F5-80D37DB23B45}.Debug|Any CPU.ActiveCfg = Debug|Any CPU
		{A27A6B6B-A22D-4EED-86F5-80D37DB23B45}.Debug|Any CPU.Build.0 = Debug|Any CPU
		{A27A6B6B-A22D-4EED-86F5-80D37DB23B45}.Release|Any CPU.ActiveCfg = Release|Any CPU
		{A27A6B6B-A22D-4EED-86F5-80D37DB23B45}.Release|Any CPU.Build.0 = Release|Any CPU
		{5B9F04F6-51EB-45DD-900C-2D0FD471C7CA}.Debug|Any CPU.ActiveCfg = Debug|Any CPU
		{5B9F04F6-51EB-45DD-900C-2D0FD471C7CA}.Debug|Any CPU.Build.0 = Debug|Any CPU
		{5B9F04F6-51EB-45DD-900C-2D0FD471C7CA}.Release|Any CPU.ActiveCfg = Release|Any CPU
		{5B9F04F6-51EB-45DD-900C-2D0FD471C7CA}.Release|Any CPU.Build.0 = Release|Any CPU
		{68D39211-9A6B-4DB7-A15A-AC83AB9EA69D}.Debug|Any CPU.ActiveCfg = Debug|Any CPU
		{68D39211-9A6B-4DB7-A15A-AC83AB9EA69D}.Debug|Any CPU.Build.0 = Debug|Any CPU
		{68D39211-9A6B-4DB7-A15A-AC83AB9EA69D}.Release|Any CPU.ActiveCfg = Release|Any CPU
		{68D39211-9A6B-4DB7-A15A-AC83AB9EA69D}.Release|Any CPU.Build.0 = Release|Any CPU
		{51303CC6-3F34-4AAC-A25C-D6E2A19379BB}.Debug|Any CPU.ActiveCfg = Debug|Any CPU
		{51303CC6-3F34-4AAC-A25C-D6E2A19379BB}.Debug|Any CPU.Build.0 = Debug|Any CPU
		{51303CC6-3F34-4AAC-A25C-D6E2A19379BB}.Release|Any CPU.ActiveCfg = Release|Any CPU
		{51303CC6-3F34-4AAC-A25C-D6E2A19379BB}.Release|Any CPU.Build.0 = Release|Any CPU
		{F5454D92-64F0-4CFE-921C-70E5F8A8C5AA}.Debug|Any CPU.ActiveCfg = Debug|Any CPU
		{F5454D92-64F0-4CFE-921C-70E5F8A8C5AA}.Debug|Any CPU.Build.0 = Debug|Any CPU
		{F5454D92-64F0-4CFE-921C-70E5F8A8C5AA}.Release|Any CPU.ActiveCfg = Release|Any CPU
		{F5454D92-64F0-4CFE-921C-70E5F8A8C5AA}.Release|Any CPU.Build.0 = Release|Any CPU
	EndGlobalSection
	GlobalSection(SolutionProperties) = preSolution
		HideSolutionNode = FALSE
	EndGlobalSection
	GlobalSection(NestedProjects) = preSolution
		{99939CE7-BD3F-4A97-96EE-4A603E2B719E} = {3B41B889-C644-4CF6-8383-96C4C07EC1F8}
		{3E26176A-5207-422C-A4C6-CB1AA65298F5} = {4ADEBD81-B3B5-4684-A9A5-FB28E9B60C37}
		{E804726E-F141-413D-84BD-2C4A54ECD44A} = {7768AA4C-040E-4B71-A7F0-6E8AA1625069}
		{69158A34-5FFF-4BFD-9C9B-2941DDEA7752} = {5D8F214B-6CFE-4BD7-9DF7-9844CDE6C5EF}
		{9E485207-65E0-4F5B-BA1E-D0C518BDDE57} = {72C22548-BF73-4D37-A01C-C15B6670D295}
		{5D8F214B-6CFE-4BD7-9DF7-9844CDE6C5EF} = {72C22548-BF73-4D37-A01C-C15B6670D295}
		{3B41B889-C644-4CF6-8383-96C4C07EC1F8} = {72C22548-BF73-4D37-A01C-C15B6670D295}
		{7768AA4C-040E-4B71-A7F0-6E8AA1625069} = {72C22548-BF73-4D37-A01C-C15B6670D295}
		{4ADEBD81-B3B5-4684-A9A5-FB28E9B60C37} = {72C22548-BF73-4D37-A01C-C15B6670D295}
		{4E647C76-C4E5-4A1C-B1CE-BDC8A194A718} = {CED93EB7-FD7B-43AC-847C-DDE42AFFDEDB}
		{BFCA1AF3-3C86-4CE8-9D18-9ED12CE7315D} = {4E647C76-C4E5-4A1C-B1CE-BDC8A194A718}
		{CED93EB7-FD7B-43AC-847C-DDE42AFFDEDB} = {E0F6CDD3-8088-40E4-ADAC-65D5942DE2EE}
		{C6EF936B-E206-4108-9B0C-DD7229001E1D} = {E0F6CDD3-8088-40E4-ADAC-65D5942DE2EE}
		{79835CF0-48B3-49DD-860E-495301D2D721} = {E0F6CDD3-8088-40E4-ADAC-65D5942DE2EE}
		{03943A86-28BC-4FE2-9439-426C25F584CD} = {CED93EB7-FD7B-43AC-847C-DDE42AFFDEDB}
		{0FD25E84-8C5F-423C-A295-133CEC71BC2E} = {03943A86-28BC-4FE2-9439-426C25F584CD}
		{551DEC74-BDF3-467E-8AA4-D02BBC6CBEB0} = {CED93EB7-FD7B-43AC-847C-DDE42AFFDEDB}
		{ED7CE58A-5C4D-44FF-AB2F-1056FDC10368} = {551DEC74-BDF3-467E-8AA4-D02BBC6CBEB0}
		{780CAE09-E133-4BA0-860D-8D5531B5FCB6} = {CED93EB7-FD7B-43AC-847C-DDE42AFFDEDB}
		{8E79325F-69F7-4BD1-831F-E0AF466F038D} = {780CAE09-E133-4BA0-860D-8D5531B5FCB6}
		{1C4227C6-27A0-4356-BF35-9630A555D426} = {CED93EB7-FD7B-43AC-847C-DDE42AFFDEDB}
		{6B314D7F-1809-433C-BA74-2971D61475E4} = {CED93EB7-FD7B-43AC-847C-DDE42AFFDEDB}
		{A27A6B6B-A22D-4EED-86F5-80D37DB23B45} = {6B314D7F-1809-433C-BA74-2971D61475E4}
		{5B9F04F6-51EB-45DD-900C-2D0FD471C7CA} = {1C4227C6-27A0-4356-BF35-9630A555D426}
		{11C47C78-5DDE-4859-AADF-0EA9C7C80114} = {C6EF936B-E206-4108-9B0C-DD7229001E1D}
		{68D39211-9A6B-4DB7-A15A-AC83AB9EA69D} = {11C47C78-5DDE-4859-AADF-0EA9C7C80114}
		{0C2622EA-6B08-4CF7-8528-7E01E6700968} = {C6EF936B-E206-4108-9B0C-DD7229001E1D}
		{51303CC6-3F34-4AAC-A25C-D6E2A19379BB} = {0C2622EA-6B08-4CF7-8528-7E01E6700968}
		{B1104630-2F66-4A62-986F-4F348F5ACD52} = {C6EF936B-E206-4108-9B0C-DD7229001E1D}
		{F5454D92-64F0-4CFE-921C-70E5F8A8C5AA} = {B1104630-2F66-4A62-986F-4F348F5ACD52}
	EndGlobalSection
	GlobalSection(ExtensibilityGlobals) = postSolution
		SolutionGuid = {4818C37D-216A-4538-96A3-217C85DC0D67}
	EndGlobalSection
EndGlobal
